
Microsoft Visual Studio Solution File, Format Version 12.00
# Visual Studio Version 17
VisualStudioVersion = 17.0.31903.59
MinimumVisualStudioVersion = 10.0.40219.1
Project("{FAE04EC0-301F-11D3-BF4B-00C04F79EFBC}") = "BugPro", "BugPro\BugPro.csproj", "{076D2A7E-F546-4265-8522-F865D6CB77B1}"
EndProject
Project("{FAE04EC0-301F-11D3-BF4B-00C04F79EFBC}") = "BugTest", "BugTest\BugTest.csproj", "{DC401A43-AA17-4DD0-A039-5C9A25022E6B}"
EndProject
Global
	GlobalSection(SolutionConfigurationPlatforms) = preSolution
		Debug|Any CPU = Debug|Any CPU
		Release|Any CPU = Release|Any CPU
	EndGlobalSection
	GlobalSection(SolutionProperties) = preSolution
		HideSolutionNode = FALSE
	EndGlobalSection
	GlobalSection(ProjectConfigurationPlatforms) = postSolution
		{076D2A7E-F546-4265-8522-F865D6CB77B1}.Debug|Any CPU.ActiveCfg = Debug|Any CPU
		{076D2A7E-F546-4265-8522-F865D6CB77B1}.Debug|Any CPU.Build.0 = Debug|Any CPU
		{076D2A7E-F546-4265-8522-F865D6CB77B1}.Release|Any CPU.ActiveCfg = Release|Any CPU
		{076D2A7E-F546-4265-8522-F865D6CB77B1}.Release|Any CPU.Build.0 = Release|Any CPU
		{DC401A43-AA17-4DD0-A039-5C9A25022E6B}.Debug|Any CPU.ActiveCfg = Debug|Any CPU
		{DC401A43-AA17-4DD0-A039-5C9A25022E6B}.Debug|Any CPU.Build.0 = Debug|Any CPU
		{DC401A43-AA17-4DD0-A039-5C9A25022E6B}.Release|Any CPU.ActiveCfg = Release|Any CPU
		{DC401A43-AA17-4DD0-A039-5C9A25022E6B}.Release|Any CPU.Build.0 = Release|Any CPU
	EndGlobalSection
EndGlobal
